{
  "meteor": {
    "git": "https://github.com/meteor/meteor.git",
    "tag": "release/0.8.3-rc5",
    "commit": "1b866b729d969025b71909d39579fd3d7b4a48ec"
  },
  "dependencies": {
    "basePackages": {
      "iron-router": {
        "git": "https://github.com/nathan-muir/iron-router",
        "branch": "devel-0.8.3-onEachRun-onBeforeSwitch-waitOn"
      }
    },
    "packages": {
      "iron-router": {
        "git": "https://github.com/nathan-muir/iron-router",
        "branch": "devel-0.8.3-onEachRun-onBeforeSwitch-waitOn",
        "commit": "2182d5b648af06e303b4d9ec9e0cc64bded48c13"
      },
      "iron-layout": {
        "git": "https://github.com/EventedMind/iron-layout.git",
        "tag": "v0.2.0",
        "commit": "4a2d53e35ba036b0c189c7ceca34be494d4c6c97"
      },
      "blaze-layout": {
        "git": "https://github.com/EventedMind/blaze-layout.git",
        "tag": "v0.2.5",
        "commit": "273e3ab7d005d91a1a59c71bd224533b4dae2fbd"
      },
      "iron-core": {
        "git": "https://github.com/EventedMind/iron-core.git",
        "tag": "v0.2.0",
        "commit": "0e48b5dc50d03f01025b7b900fb5ce2f13d52cad"
      },
      "iron-dynamic-template": {
        "git": "https://github.com/EventedMind/iron-dynamic-template.git",
        "tag": "v0.2.1",
        "commit": "4dd1185c4d9d616c9abdb3f33e4a7d5a88db7e18"
      }
    }
  }
}
